
Microsoft Visual Studio Solution File, Format Version 12.00
# Visual Studio 15
VisualStudioVersion = 15.0.27703.2047
MinimumVisualStudioVersion = 10.0.40219.1
Project("{FAE04EC0-301F-11D3-BF4B-00C04F79EFBC}") = "Assembly-CSharp", "Assembly-CSharp.csproj", "{C1C5DB66-A5A0-E206-3419-F8F4FF4FAB28}"
EndProject
Project("{FAE04EC0-301F-11D3-BF4B-00C04F79EFBC}") = "Assembly-CSharp-firstpass", "Assembly-CSharp-firstpass.csproj", "{8A8FDB8C-0A9D-258E-66FC-0CAEB6980FDD}"
EndProject
Project("{FAE04EC0-301F-11D3-BF4B-00C04F79EFBC}") = "Assembly-CSharp-Editor", "Assembly-CSharp-Editor.csproj", "{463ECF2C-916E-143F-4515-1C114E19CC6A}"
EndProject
Project("{FAE04EC0-301F-11D3-BF4B-00C04F79EFBC}") = "Assembly-CSharp-Editor-firstpass", "Assembly-CSharp-Editor-firstpass.csproj", "{A59A99A9-06E3-9541-BDF3-AEA079AED1FF}"
EndProject
Global
	GlobalSection(SolutionConfigurationPlatforms) = preSolution
		Debug|Any CPU = Debug|Any CPU
		Release|Any CPU = Release|Any CPU
	EndGlobalSection
	GlobalSection(ProjectConfigurationPlatforms) = postSolution
		{C1C5DB66-A5A0-E206-3419-F8F4FF4FAB28}.Debug|Any CPU.ActiveCfg = Debug|Any CPU
		{C1C5DB66-A5A0-E206-3419-F8F4FF4FAB28}.Debug|Any CPU.Build.0 = Debug|Any CPU
		{C1C5DB66-A5A0-E206-3419-F8F4FF4FAB28}.Release|Any CPU.ActiveCfg = Release|Any CPU
		{C1C5DB66-A5A0-E206-3419-F8F4FF4FAB28}.Release|Any CPU.Build.0 = Release|Any CPU
		{8A8FDB8C-0A9D-258E-66FC-0CAEB6980FDD}.Debug|Any CPU.ActiveCfg = Debug|Any CPU
		{8A8FDB8C-0A9D-258E-66FC-0CAEB6980FDD}.Debug|Any CPU.Build.0 = Debug|Any CPU
		{8A8FDB8C-0A9D-258E-66FC-0CAEB6980FDD}.Release|Any CPU.ActiveCfg = Release|Any CPU
		{8A8FDB8C-0A9D-258E-66FC-0CAEB6980FDD}.Release|Any CPU.Build.0 = Release|Any CPU
		{463ECF2C-916E-143F-4515-1C114E19CC6A}.Debug|Any CPU.ActiveCfg = Debug|Any CPU
		{463ECF2C-916E-143F-4515-1C114E19CC6A}.Debug|Any CPU.Build.0 = Debug|Any CPU
		{463ECF2C-916E-143F-4515-1C114E19CC6A}.Release|Any CPU.ActiveCfg = Release|Any CPU
		{463ECF2C-916E-143F-4515-1C114E19CC6A}.Release|Any CPU.Build.0 = Release|Any CPU
		{A59A99A9-06E3-9541-BDF3-AEA079AED1FF}.Debug|Any CPU.ActiveCfg = Debug|Any CPU
		{A59A99A9-06E3-9541-BDF3-AEA079AED1FF}.Debug|Any CPU.Build.0 = Debug|Any CPU
		{A59A99A9-06E3-9541-BDF3-AEA079AED1FF}.Release|Any CPU.ActiveCfg = Release|Any CPU
		{A59A99A9-06E3-9541-BDF3-AEA079AED1FF}.Release|Any CPU.Build.0 = Release|Any CPU
	EndGlobalSection
	GlobalSection(SolutionProperties) = preSolution
		HideSolutionNode = FALSE
	EndGlobalSection
	GlobalSection(ExtensibilityGlobals) = postSolution
		SolutionGuid = {34DE8AB9-55F3-40A5-8E86-FB2549842735}
	EndGlobalSection
EndGlobal
